// !$*UTF8*$!
{
	archiveVersion = 1;
	classes = {
	};
	objectVersion = 50;
	objects = {

/* Begin PBXBuildFile section */
		3DFF4F792459872100757A9E /* AppDelegate.swift in Sources */ = {isa = PBXBuildFile; fileRef = 3DFF4F782459872100757A9E /* AppDelegate.swift */; };
		3DFF4F7B2459872100757A9E /* SceneDelegate.swift in Sources */ = {isa = PBXBuildFile; fileRef = 3DFF4F7A2459872100757A9E /* SceneDelegate.swift */; };
		3DFF4F7D2459872100757A9E /* ViewController.swift in Sources */ = {isa = PBXBuildFile; fileRef = 3DFF4F7C2459872100757A9E /* ViewController.swift */; };
		3DFF4F802459872100757A9E /* Main.storyboard in Resources */ = {isa = PBXBuildFile; fileRef = 3DFF4F7E2459872100757A9E /* Main.storyboard */; };
		3DFF4F822459872400757A9E /* Assets.xcassets in Resources */ = {isa = PBXBuildFile; fileRef = 3DFF4F812459872400757A9E /* Assets.xcassets */; };
		3DFF4F852459872400757A9E /* LaunchScreen.storyboard in Resources */ = {isa = PBXBuildFile; fileRef = 3DFF4F832459872400757A9E /* LaunchScreen.storyboard */; };
		3DFF4F8D245988EA00757A9E /* RecordWhistleViewController.swift in Sources */ = {isa = PBXBuildFile; fileRef = 3DFF4F8C245988EA00757A9E /* RecordWhistleViewController.swift */; };
		3DFF4F8F2459A11800757A9E /* SelectGenreTableViewController.swift in Sources */ = {isa = PBXBuildFile; fileRef = 3DFF4F8E2459A11800757A9E /* SelectGenreTableViewController.swift */; };
		3DFF4F912459E7C600757A9E /* AddCommentsViewController.swift in Sources */ = {isa = PBXBuildFile; fileRef = 3DFF4F902459E7C600757A9E /* AddCommentsViewController.swift */; };
		3DFF4F932459E9EE00757A9E /* SubmitViewController.swift in Sources */ = {isa = PBXBuildFile; fileRef = 3DFF4F922459E9EE00757A9E /* SubmitViewController.swift */; };
		3DFF4F9B2459F28300757A9E /* CloudKit.framework in Frameworks */ = {isa = PBXBuildFile; fileRef = 3DFF4F9A2459F28300757A9E /* CloudKit.framework */; };
/* End PBXBuildFile section */

/* Begin PBXFileReference section */
		3DFF4F752459872100757A9E /* Project33.app */ = {isa = PBXFileReference; explicitFileType = wrapper.application; includeInIndex = 0; path = Project33.app; sourceTree = BUILT_PRODUCTS_DIR; };
		3DFF4F782459872100757A9E /* AppDelegate.swift */ = {isa = PBXFileReference; lastKnownFileType = sourcecode.swift; path = AppDelegate.swift; sourceTree = "<group>"; };
		3DFF4F7A2459872100757A9E /* SceneDelegate.swift */ = {isa = PBXFileReference; lastKnownFileType = sourcecode.swift; path = SceneDelegate.swift; sourceTree = "<group>"; };
		3DFF4F7C2459872100757A9E /* ViewController.swift */ = {isa = PBXFileReference; lastKnownFileType = sourcecode.swift; path = ViewController.swift; sourceTree = "<group>"; };
		3DFF4F7F2459872100757A9E /* Base */ = {isa = PBXFileReference; lastKnownFileType = file.storyboard; name = Base; path = Base.lproj/Main.storyboard; sourceTree = "<group>"; };
		3DFF4F812459872400757A9E /* Assets.xcassets */ = {isa = PBXFileReference; lastKnownFileType = folder.assetcatalog; path = Assets.xcassets; sourceTree = "<group>"; };
		3DFF4F842459872400757A9E /* Base */ = {isa = PBXFileReference; lastKnownFileType = file.storyboard; name = Base; path = Base.lproj/LaunchScreen.storyboard; sourceTree = "<group>"; };
		3DFF4F862459872400757A9E /* Info.plist */ = {isa = PBXFileReference; lastKnownFileType = text.plist.xml; path = Info.plist; sourceTree = "<group>"; };
		3DFF4F8C245988EA00757A9E /* RecordWhistleViewController.swift */ = {isa = PBXFileReference; lastKnownFileType = sourcecode.swift; path = RecordWhistleViewController.swift; sourceTree = "<group>"; };
		3DFF4F8E2459A11800757A9E /* SelectGenreTableViewController.swift */ = {isa = PBXFileReference; lastKnownFileType = sourcecode.swift; path = SelectGenreTableViewController.swift; sourceTree = "<group>"; };
		3DFF4F902459E7C600757A9E /* AddCommentsViewController.swift */ = {isa = PBXFileReference; lastKnownFileType = sourcecode.swift; path = AddCommentsViewController.swift; sourceTree = "<group>"; };
		3DFF4F922459E9EE00757A9E /* SubmitViewController.swift */ = {isa = PBXFileReference; lastKnownFileType = sourcecode.swift; path = SubmitViewController.swift; sourceTree = "<group>"; };
		3DFF4F982459F27400757A9E /* Project33.entitlements */ = {isa = PBXFileReference; lastKnownFileType = text.plist.entitlements; path = Project33.entitlements; sourceTree = "<group>"; };
		3DFF4F9A2459F28300757A9E /* CloudKit.framework */ = {isa = PBXFileReference; lastKnownFileType = wrapper.framework; name = CloudKit.framework; path = System/Library/Frameworks/CloudKit.framework; sourceTree = SDKROOT; };
/* End PBXFileReference section */

/* Begin PBXFrameworksBuildPhase section */
		3DFF4F722459872100757A9E /* Frameworks */ = {
			isa = PBXFrameworksBuildPhase;
			buildActionMask = 2147483647;
			files = (
				3DFF4F9B2459F28300757A9E /* CloudKit.framework in Frameworks */,
			);
			runOnlyForDeploymentPostprocessing = 0;
		};
/* End PBXFrameworksBuildPhase section */

/* Begin PBXGroup section */
		3DFF4F6C2459872100757A9E = {
			isa = PBXGroup;
			children = (
				3DFF4F772459872100757A9E /* Project33 */,
				3DFF4F762459872100757A9E /* Products */,
				3DFF4F992459F28300757A9E /* Frameworks */,
			);
			sourceTree = "<group>";
		};
		3DFF4F762459872100757A9E /* Products */ = {
			isa = PBXGroup;
			children = (
				3DFF4F752459872100757A9E /* Project33.app */,
			);
			name = Products;
			sourceTree = "<group>";
		};
		3DFF4F772459872100757A9E /* Project33 */ = {
			isa = PBXGroup;
			children = (
				3DFF4F982459F27400757A9E /* Project33.entitlements */,
				3DFF4F972459EA0B00757A9E /* SupportingFiles */,
				3DFF4F942459E9F800757A9E /* Model */,
				3DFF4F952459E9FD00757A9E /* View */,
				3DFF4F962459EA0200757A9E /* Controller */,
			);
			path = Project33;
			sourceTree = "<group>";
		};
		3DFF4F942459E9F800757A9E /* Model */ = {
			isa = PBXGroup;
			children = (
			);
			path = Model;
			sourceTree = "<group>";
		};
		3DFF4F952459E9FD00757A9E /* View */ = {
			isa = PBXGroup;
			children = (
				3DFF4F832459872400757A9E /* LaunchScreen.storyboard */,
				3DFF4F7E2459872100757A9E /* Main.storyboard */,
			);
			path = View;
			sourceTree = "<group>";
		};
		3DFF4F962459EA0200757A9E /* Controller */ = {
			isa = PBXGroup;
			children = (
				3DFF4F7C2459872100757A9E /* ViewController.swift */,
				3DFF4F8C245988EA00757A9E /* RecordWhistleViewController.swift */,
				3DFF4F8E2459A11800757A9E /* SelectGenreTableViewController.swift */,
				3DFF4F902459E7C600757A9E /* AddCommentsViewController.swift */,
				3DFF4F922459E9EE00757A9E /* SubmitViewController.swift */,
			);
			path = Controller;
			sourceTree = "<group>";
		};
		3DFF4F972459EA0B00757A9E /* SupportingFiles */ = {
			isa = PBXGroup;
			children = (
				3DFF4F7A2459872100757A9E /* SceneDelegate.swift */,
				3DFF4F812459872400757A9E /* Assets.xcassets */,
				3DFF4F862459872400757A9E /* Info.plist */,
				3DFF4F782459872100757A9E /* AppDelegate.swift */,
			);
			path = SupportingFiles;
			sourceTree = "<group>";
		};
		3DFF4F992459F28300757A9E /* Frameworks */ = {
			isa = PBXGroup;
			children = (
				3DFF4F9A2459F28300757A9E /* CloudKit.framework */,
			);
			name = Frameworks;
			sourceTree = "<group>";
		};
/* End PBXGroup section */

/* Begin PBXNativeTarget section */
		3DFF4F742459872100757A9E /* Project33 */ = {
			isa = PBXNativeTarget;
			buildConfigurationList = 3DFF4F892459872400757A9E /* Build configuration list for PBXNativeTarget "Project33" */;
			buildPhases = (
				3DFF4F712459872100757A9E /* Sources */,
				3DFF4F722459872100757A9E /* Frameworks */,
				3DFF4F732459872100757A9E /* Resources */,
			);
			buildRules = (
			);
			dependencies = (
			);
			name = Project33;
			productName = Project33;
			productReference = 3DFF4F752459872100757A9E /* Project33.app */;
			productType = "com.apple.product-type.application";
		};
/* End PBXNativeTarget section */

/* Begin PBXProject section */
		3DFF4F6D2459872100757A9E /* Project object */ = {
			isa = PBXProject;
			attributes = {
				LastSwiftUpdateCheck = 1120;
				LastUpgradeCheck = 1120;
				ORGANIZATIONNAME = "Janin Culhaoglu";
				TargetAttributes = {
					3DFF4F742459872100757A9E = {
						CreatedOnToolsVersion = 11.2.1;
					};
				};
			};
			buildConfigurationList = 3DFF4F702459872100757A9E /* Build configuration list for PBXProject "Project33" */;
			compatibilityVersion = "Xcode 9.3";
			developmentRegion = en;
			hasScannedForEncodings = 0;
			knownRegions = (
				en,
				Base,
			);
			mainGroup = 3DFF4F6C2459872100757A9E;
			productRefGroup = 3DFF4F762459872100757A9E /* Products */;
			projectDirPath = "";
			projectRoot = "";
			targets = (
				3DFF4F742459872100757A9E /* Project33 */,
			);
		};
/* End PBXProject section */

/* Begin PBXResourcesBuildPhase section */
		3DFF4F732459872100757A9E /* Resources */ = {
			isa = PBXResourcesBuildPhase;
			buildActionMask = 2147483647;
			files = (
				3DFF4F852459872400757A9E /* LaunchScreen.storyboard in Resources */,
				3DFF4F822459872400757A9E /* Assets.xcassets in Resources */,
				3DFF4F802459872100757A9E /* Main.storyboard in Resources */,
			);
			runOnlyForDeploymentPostprocessing = 0;
		};
/* End PBXResourcesBuildPhase section */

/* Begin PBXSourcesBuildPhase section */
		3DFF4F712459872100757A9E /* Sources */ = {
			isa = PBXSourcesBuildPhase;
			buildActionMask = 2147483647;
			files = (
				3DFF4F932459E9EE00757A9E /* SubmitViewController.swift in Sources */,
				3DFF4F7D2459872100757A9E /* ViewController.swift in Sources */,
				3DFF4F792459872100757A9E /* AppDelegate.swift in Sources */,
				3DFF4F8D245988EA00757A9E /* RecordWhistleViewController.swift in Sources */,
				3DFF4F8F2459A11800757A9E /* SelectGenreTableViewController.swift in Sources */,
				3DFF4F912459E7C600757A9E /* AddCommentsViewController.swift in Sources */,
				3DFF4F7B2459872100757A9E /* SceneDelegate.swift in Sources */,
			);
			runOnlyForDeploymentPostprocessing = 0;
		};
/* End PBXSourcesBuildPhase section */

/* Begin PBXVariantGroup section */
		3DFF4F7E2459872100757A9E /* Main.storyboard */ = {
			isa = PBXVariantGroup;
			children = (
				3DFF4F7F2459872100757A9E /* Base */,
			);
			name = Main.storyboard;
			sourceTree = "<group>";
		};
		3DFF4F832459872400757A9E /* LaunchScreen.storyboard */ = {
			isa = PBXVariantGroup;
			children = (
				3DFF4F842459872400757A9E /* Base */,
			);
			name = LaunchScreen.storyboard;
			sourceTree = "<group>";
		};
/* End PBXVariantGroup section */

/* Begin XCBuildConfiguration section */
		3DFF4F872459872400757A9E /* Debug */ = {
			isa = XCBuildConfiguration;
			buildSettings = {
				ALWAYS_SEARCH_USER_PATHS = NO;
				CLANG_ANALYZER_NONNULL = YES;
				CLANG_ANALYZER_NUMBER_OBJECT_CONVERSION = YES_AGGRESSIVE;
				CLANG_CXX_LANGUAGE_STANDARD = "gnu++14";
				CLANG_CXX_LIBRARY = "libc++";
				CLANG_ENABLE_MODULES = YES;
				CLANG_ENABLE_OBJC_ARC = YES;
				CLANG_ENABLE_OBJC_WEAK = YES;
				CLANG_WARN_BLOCK_CAPTURE_AUTORELEASING = YES;
				CLANG_WARN_BOOL_CONVERSION = YES;
				CLANG_WARN_COMMA = YES;
				CLANG_WARN_CONSTANT_CONVERSION = YES;
				CLANG_WARN_DEPRECATED_OBJC_IMPLEMENTATIONS = YES;
				CLANG_WARN_DIRECT_OBJC_ISA_USAGE = YES_ERROR;
				CLANG_WARN_DOCUMENTATION_COMMENTS = YES;
				CLANG_WARN_EMPTY_BODY = YES;
				CLANG_WARN_ENUM_CONVERSION = YES;
				CLANG_WARN_INFINITE_RECURSION = YES;
				CLANG_WARN_INT_CONVERSION = YES;
				CLANG_WARN_NON_LITERAL_NULL_CONVERSION = YES;
				CLANG_WARN_OBJC_IMPLICIT_RETAIN_SELF = YES;
				CLANG_WARN_OBJC_LITERAL_CONVERSION = YES;
				CLANG_WARN_OBJC_ROOT_CLASS = YES_ERROR;
				CLANG_WARN_RANGE_LOOP_ANALYSIS = YES;
				CLANG_WARN_STRICT_PROTOTYPES = YES;
				CLANG_WARN_SUSPICIOUS_MOVE = YES;
				CLANG_WARN_UNGUARDED_AVAILABILITY = YES_AGGRESSIVE;
				CLANG_WARN_UNREACHABLE_CODE = YES;
				CLANG_WARN__DUPLICATE_METHOD_MATCH = YES;
				COPY_PHASE_STRIP = NO;
				DEBUG_INFORMATION_FORMAT = dwarf;
				ENABLE_STRICT_OBJC_MSGSEND = YES;
				ENABLE_TESTABILITY = YES;
				GCC_C_LANGUAGE_STANDARD = gnu11;
				GCC_DYNAMIC_NO_PIC = NO;
				GCC_NO_COMMON_BLOCKS = YES;
				GCC_OPTIMIZATION_LEVEL = 0;
				GCC_PREPROCESSOR_DEFINITIONS = (
					"DEBUG=1",
					"$(inherited)",
				);
				GCC_WARN_64_TO_32_BIT_CONVERSION = YES;
				GCC_WARN_ABOUT_RETURN_TYPE = YES_ERROR;
				GCC_WARN_UNDECLARED_SELECTOR = YES;
				GCC_WARN_UNINITIALIZED_AUTOS = YES_AGGRESSIVE;
				GCC_WARN_UNUSED_FUNCTION = YES;
				GCC_WARN_UNUSED_VARIABLE = YES;
				IPHONEOS_DEPLOYMENT_TARGET = 13.2;
				MTL_ENABLE_DEBUG_INFO = INCLUDE_SOURCE;
				MTL_FAST_MATH = YES;
				ONLY_ACTIVE_ARCH = YES;
				SDKROOT = iphoneos;
				SWIFT_ACTIVE_COMPILATION_CONDITIONS = DEBUG;
				SWIFT_OPTIMIZATION_LEVEL = "-Onone";
			};
			name = Debug;
		};
		3DFF4F882459872400757A9E /* Release */ = {
			isa = XCBuildConfiguration;
			buildSettings = {
				ALWAYS_SEARCH_USER_PATHS = NO;
				CLANG_ANALYZER_NONNULL = YES;
				CLANG_ANALYZER_NUMBER_OBJECT_CONVERSION = YES_AGGRESSIVE;
				CLANG_CXX_LANGUAGE_STANDARD = "gnu++14";
				CLANG_CXX_LIBRARY = "libc++";
				CLANG_ENABLE_MODULES = YES;
				CLANG_ENABLE_OBJC_ARC = YES;
				CLANG_ENABLE_OBJC_WEAK = YES;
				CLANG_WARN_BLOCK_CAPTURE_AUTORELEASING = YES;
				CLANG_WARN_BOOL_CONVERSION = YES;
				CLANG_WARN_COMMA = YES;
				CLANG_WARN_CONSTANT_CONVERSION = YES;
				CLANG_WARN_DEPRECATED_OBJC_IMPLEMENTATIONS = YES;
				CLANG_WARN_DIRECT_OBJC_ISA_USAGE = YES_ERROR;
				CLANG_WARN_DOCUMENTATION_COMMENTS = YES;
				CLANG_WARN_EMPTY_BODY = YES;
				CLANG_WARN_ENUM_CONVERSION = YES;
				CLANG_WARN_INFINITE_RECURSION = YES;
				CLANG_WARN_INT_CONVERSION = YES;
				CLANG_WARN_NON_LITERAL_NULL_CONVERSION = YES;
				CLANG_WARN_OBJC_IMPLICIT_RETAIN_SELF = YES;
				CLANG_WARN_OBJC_LITERAL_CONVERSION = YES;
				CLANG_WARN_OBJC_ROOT_CLASS = YES_ERROR;
				CLANG_WARN_RANGE_LOOP_ANALYSIS = YES;
				CLANG_WARN_STRICT_PROTOTYPES = YES;
				CLANG_WARN_SUSPICIOUS_MOVE = YES;
				CLANG_WARN_UNGUARDED_AVAILABILITY = YES_AGGRESSIVE;
				CLANG_WARN_UNREACHABLE_CODE = YES;
				CLANG_WARN__DUPLICATE_METHOD_MATCH = YES;
				COPY_PHASE_STRIP = NO;
				DEBUG_INFORMATION_FORMAT = "dwarf-with-dsym";
				ENABLE_NS_ASSERTIONS = NO;
				ENABLE_STRICT_OBJC_MSGSEND = YES;
				GCC_C_LANGUAGE_STANDARD = gnu11;
				GCC_NO_COMMON_BLOCKS = YES;
				GCC_WARN_64_TO_32_BIT_CONVERSION = YES;
				GCC_WARN_ABOUT_RETURN_TYPE = YES_ERROR;
				GCC_WARN_UNDECLARED_SELECTOR = YES;
				GCC_WARN_UNINITIALIZED_AUTOS = YES_AGGRESSIVE;
				GCC_WARN_UNUSED_FUNCTION = YES;
				GCC_WARN_UNUSED_VARIABLE = YES;
				IPHONEOS_DEPLOYMENT_TARGET = 13.2;
				MTL_ENABLE_DEBUG_INFO = NO;
				MTL_FAST_MATH = YES;
				SDKROOT = iphoneos;
				SWIFT_COMPILATION_MODE = wholemodule;
				SWIFT_OPTIMIZATION_LEVEL = "-O";
				VALIDATE_PRODUCT = YES;
			};
			name = Release;
		};
		3DFF4F8A2459872400757A9E /* Debug */ = {
			isa = XCBuildConfiguration;
			buildSettings = {
				ASSETCATALOG_COMPILER_APPICON_NAME = AppIcon;
				CODE_SIGN_ENTITLEMENTS = Project33/Project33.entitlements;
				CODE_SIGN_STYLE = Automatic;
				DEVELOPMENT_TEAM = P6FCPFN549;
				INFOPLIST_FILE = "$(SRCROOT)/Project33/SupportingFiles/Info.plist";
				LD_RUNPATH_SEARCH_PATHS = (
					"$(inherited)",
					"@executable_path/Frameworks",
				);
				PRODUCT_BUNDLE_IDENTIFIER = com.culhaoglujanin.Project33;
				PRODUCT_NAME = "$(TARGET_NAME)";
				SWIFT_VERSION = 5.0;
				TARGETED_DEVICE_FAMILY = "1,2";
			};
			name = Debug;
		};
		3DFF4F8B2459872400757A9E /* Release */ = {
			isa = XCBuildConfiguration;
			buildSettings = {
				ASSETCATALOG_COMPILER_APPICON_NAME = AppIcon;
				CODE_SIGN_ENTITLEMENTS = Project33/Project33.entitlements;
				CODE_SIGN_STYLE = Automatic;
				DEVELOPMENT_TEAM = P6FCPFN549;
				INFOPLIST_FILE = "$(SRCROOT)/Project33/SupportingFiles/Info.plist";
				LD_RUNPATH_SEARCH_PATHS = (
					"$(inherited)",
					"@executable_path/Frameworks",
				);
				PRODUCT_BUNDLE_IDENTIFIER = com.culhaoglujanin.Project33;
				PRODUCT_NAME = "$(TARGET_NAME)";
				SWIFT_VERSION = 5.0;
				TARGETED_DEVICE_FAMILY = "1,2";
			};
			name = Release;
		};
/* End XCBuildConfiguration section */

/* Begin XCConfigurationList section */
		3DFF4F702459872100757A9E /* Build configuration list for PBXProject "Project33" */ = {
			isa = XCConfigurationList;
			buildConfigurations = (
				3DFF4F872459872400757A9E /* Debug */,
				3DFF4F882459872400757A9E /* Release */,
			);
			defaultConfigurationIsVisible = 0;
			defaultConfigurationName = Release;
		};
		3DFF4F892459872400757A9E /* Build configuration list for PBXNativeTarget "Project33" */ = {
			isa = XCConfigurationList;
			buildConfigurations = (
				3DFF4F8A2459872400757A9E /* Debug */,
				3DFF4F8B2459872400757A9E /* Release */,
			);
			defaultConfigurationIsVisible = 0;
			defaultConfigurationName = Release;
		};
/* End XCConfigurationList section */
	};
	rootObject = 3DFF4F6D2459872100757A9E /* Project object */;
}
